{
  "name": "mp3telegrambot-vot-helper",
  "lockfileVersion": 3,
  "requires": true,
  "packages": {
    "": {
      "name": "mp3telegrambot-vot-helper",
      "dependencies": {
        "@vot.js/node": "^2.4.12"
      }
    },
    "node_modules/@bufbuild/protobuf": {
      "version": "2.12.0",
      "resolved": "https://registry.npmjs.org/@bufbuild/protobuf/-/protobuf-2.12.0.tgz",
      "integrity": "sha512-B/XlCaFIP8LOwzo+bz5uFzATYokcwCKQcghqnlfwSmM5eX/qTkvDBnDPs+gXtX/RyjxJ4DRikECcPJbyALA8FA==",
      "license": "(Apache-2.0 AND BSD-3-Clause)"
    },
    "node_modules/@vot.js/core": {
      "version": "2.4.12",
      "resolved": "https://registry.npmjs.org/@vot.js/core/-/core-2.4.12.tgz",
      "integrity": "sha512-XcpWeSSMQkpr4lgpkb5GvijQ9Yan7MFzve6V1cp6bJ+xr/XGdpnsRugwLqwNqchFEEemrjI0bx4j7R7yUD7V9A==",
      "license": "MIT",
      "dependencies": {
        "@vot.js/shared": "^2.4.12"
      },
      "engines": {
        "node": ">=18"
      },
      "peerDependencies": {
        "typescript": "^5.0.0"
      }
    },
    "node_modules/@vot.js/node": {
      "version": "2.4.12",
      "resolved": "https://registry.npmjs.org/@vot.js/node/-/node-2.4.12.tgz",
      "integrity": "sha512-+0MC21rUUFgH9XTBKHUwdYjTZLOLfKejQSV7TC0O1/00Ibniwq4NXRW3hC/U/Vw3IbNo5V+fE7zyE0rWYhk4rA==",
      "license": "MIT",
      "dependencies": {
        "@vot.js/core": "^2.4.12",
        "@vot.js/shared": "^2.4.12",
        "dom-parser": "^1.1.5",
        "undici": "^7.2.3"
      },
      "engines": {
        "node": ">=18"
      },
      "peerDependencies": {
        "typescript": "^5.0.0"
      }
    },
    "node_modules/@vot.js/shared": {
      "version": "2.4.12",
      "resolved": "https://registry.npmjs.org/@vot.js/shared/-/shared-2.4.12.tgz",
      "integrity": "sha512-XdMEXzLhKxKjCIkH9Lfy5MVmHz2WYcAcPTUZFN/kyJ6ErcBKsEPwDN7MLQDuD7uEXvCeUSPcbWM2i9b8R0A4dQ==",
      "license": "MIT",
      "dependencies": {
        "@bufbuild/protobuf": "^2.0.0"
      },
      "engines": {
        "node": ">=18"
      },
      "peerDependencies": {
        "typescript": "^5.0.0"
      }
    },
    "node_modules/dom-parser": {
      "version": "1.1.5",
      "resolved": "https://registry.npmjs.org/dom-parser/-/dom-parser-1.1.5.tgz",
      "integrity": "sha512-lCiFG48ZUzGXjKN0qhSkxD/i3ndyV6I37zQ3W2VFYLjF1ob8A+QgSsM7Ps2UT0d3LpJxLMmMHiJJ34z5hkKLiA==",
      "license": "ISC"
    },
    "node_modules/typescript": {
      "version": "5.9.3",
      "resolved": "https://registry.npmjs.org/typescript/-/typescript-5.9.3.tgz",
      "integrity": "sha512-jl1vZzPDinLr9eUt3J/t7V6FgNEw9QjvBPdysz9KfQDD41fQrC2Y4vKQdiaUpFT4bXlb1RHhLpp8wtm6M5TgSw==",
      "license": "Apache-2.0",
      "peer": true,
      "bin": {
        "tsc": "bin/tsc",
        "tsserver": "bin/tsserver"
      },
      "engines": {
        "node": ">=14.17"
      }
    },
    "node_modules/undici": {
      "version": "7.27.2",
      "resolved": "https://registry.npmjs.org/undici/-/undici-7.27.2.tgz",
      "integrity": "sha512-uZsKNuzQxDMUY6M3pIMvy5tvlGmtq8XJ2oLAkfRKGNu+1VQAIvLy2xIVG5ATZl5wDXl/tddByAWCizRbOme+TA==",
      "license": "MIT",
      "engines": {
        "node": ">=20.18.1"
      }
    }
  }
}
